
Microsoft Visual Studio Solution File, Format Version 12.00
# Visual Studio 15
VisualStudioVersion = 15.0.28307.1259
MinimumVisualStudioVersion = 10.0.40219.1
Project("{FAE04EC0-301F-11D3-BF4B-00C04F79EFBC}") = "UserPanel", "UserPanel\UserPanel.csproj", "{92001AE1-6019-4265-8BC7-09D454DF0D01}"
EndProject
Global
	GlobalSection(SolutionConfigurationPlatforms) = preSolution
		Debug|Any CPU = Debug|Any CPU
		Release|Any CPU = Release|Any CPU
	EndGlobalSection
	GlobalSection(ProjectConfigurationPlatforms) = postSolution
		{92001AE1-6019-4265-8BC7-09D454DF0D01}.Debug|Any CPU.ActiveCfg = Debug|Any CPU
		{92001AE1-6019-4265-8BC7-09D454DF0D01}.Debug|Any CPU.Build.0 = Debug|Any CPU
		{92001AE1-6019-4265-8BC7-09D454DF0D01}.Release|Any CPU.ActiveCfg = Release|Any CPU
		{92001AE1-6019-4265-8BC7-09D454DF0D01}.Release|Any CPU.Build.0 = Release|Any CPU
	EndGlobalSection
	GlobalSection(SolutionProperties) = preSolution
		HideSolutionNode = FALSE
	EndGlobalSection
	GlobalSection(ExtensibilityGlobals) = postSolution
		SolutionGuid = {D25175D7-DBED-4C96-BFF3-7B5AA9BBB122}
	EndGlobalSection
EndGlobal
